
Microsoft Visual Studio Solution File, Format Version 12.00
# Visual Studio Version 16
VisualStudioVersion = 16.0.30517.126
MinimumVisualStudioVersion = 10.0.40219.1
Project("{FAE04EC0-301F-11D3-BF4B-00C04F79EFBC}") = "interface-Resizeable", "interface-Resizeable.csproj", "{E049F9B2-592F-418B-85CD-809525A475C0}"
EndProject
Global
	GlobalSection(SolutionConfigurationPlatforms) = preSolution
		Debug|Any CPU = Debug|Any CPU
		Release|Any CPU = Release|Any CPU
	EndGlobalSection
	GlobalSection(ProjectConfigurationPlatforms) = postSolution
		{E049F9B2-592F-418B-85CD-809525A475C0}.Debug|Any CPU.ActiveCfg = Debug|Any CPU
		{E049F9B2-592F-418B-85CD-809525A475C0}.Debug|Any CPU.Build.0 = Debug|Any CPU
		{E049F9B2-592F-418B-85CD-809525A475C0}.Release|Any CPU.ActiveCfg = Release|Any CPU
		{E049F9B2-592F-418B-85CD-809525A475C0}.Release|Any CPU.Build.0 = Release|Any CPU
	EndGlobalSection
	GlobalSection(SolutionProperties) = preSolution
		HideSolutionNode = FALSE
	EndGlobalSection
	GlobalSection(ExtensibilityGlobals) = postSolution
		SolutionGuid = {460BFA63-AC2D-4B58-A081-604493710CEF}
	EndGlobalSection
EndGlobal
